
Microsoft Visual Studio Solution File, Format Version 12.00
# Visual Studio Version 17
VisualStudioVersion = 17.14.36221.1 d17.14
MinimumVisualStudioVersion = 10.0.40219.1
Project("{FAE04EC0-301F-11D3-BF4B-00C04F79EFBC}") = "KPZ_Lab2", "KPZ_Lab2.csproj", "{AC276438-6B55-4A65-A15F-63B00C63AE95}"
EndProject
Global
	GlobalSection(SolutionConfigurationPlatforms) = preSolution
		Debug|Any CPU = Debug|Any CPU
		Release|Any CPU = Release|Any CPU
	EndGlobalSection
	GlobalSection(ProjectConfigurationPlatforms) = postSolution
		{AC276438-6B55-4A65-A15F-63B00C63AE95}.Debug|Any CPU.ActiveCfg = Debug|Any CPU
		{AC276438-6B55-4A65-A15F-63B00C63AE95}.Debug|Any CPU.Build.0 = Debug|Any CPU
		{AC276438-6B55-4A65-A15F-63B00C63AE95}.Release|Any CPU.ActiveCfg = Release|Any CPU
		{AC276438-6B55-4A65-A15F-63B00C63AE95}.Release|Any CPU.Build.0 = Release|Any CPU
	EndGlobalSection
	GlobalSection(SolutionProperties) = preSolution
		HideSolutionNode = FALSE
	EndGlobalSection
	GlobalSection(ExtensibilityGlobals) = postSolution
		SolutionGuid = {50DB6373-2703-45C2-8E3B-C89176FA464E}
	EndGlobalSection
EndGlobal
